# THIS IS AN AUTOGENERATED FILE. DO NOT EDIT THIS FILE DIRECTLY.
# yarn lockfile v1


pikaday@^1.8.2:
  version "1.8.2"
  resolved "https://registry.yarnpkg.com/pikaday/-/pikaday-1.8.2.tgz#72cc73fab7ccc068cbdf7dcaa1ce400fcfd894e3"
  integrity sha512-TNtsE+34BIax3WtkB/qqu5uepV1McKYEgvL3kWzU7aqPCpMEN6rBF3AOwu4WCwAealWlBGobXny/9kJb49C1ew==
